// !$*UTF8*$!
{
	archiveVersion = 1;
	classes = {
	};
	objectVersion = 50;
	objects = {

/* Begin PBXBuildFile section */
		293139C22EC722FD0071D20E /* MedicationDetailView.swift in Sources */ = {isa = PBXBuildFile; fileRef = 293139C02EC722FD0071D20E /* MedicationDetailView.swift */; };
		293139C32EC722FD0071D20E /* MedicationListView.swift in Sources */ = {isa = PBXBuildFile; fileRef = 293139C12EC722FD0071D20E /* MedicationListView.swift */; };
		2957140B2EC72A79002F9A8F /* AddMedicationView.swift in Sources */ = {isa = PBXBuildFile; fileRef = 2957140A2EC72A79002F9A8F /* AddMedicationView.swift */; };
		2957140D2EC72BC6002F9A8F /* MedicationDetailVM.swift in Sources */ = {isa = PBXBuildFile; fileRef = 2957140C2EC72BC6002F9A8F /* MedicationDetailVM.swift */; };
		2957140F2EC72E35002F9A8F /* AdherenceRingView.swift in Sources */ = {isa = PBXBuildFile; fileRef = 2957140E2EC72E35002F9A8F /* AdherenceRingView.swift */; };
		295714122EC7321F002F9A8F /* MedicationListVM.swift in Sources */ = {isa = PBXBuildFile; fileRef = 295714102EC7321F002F9A8F /* MedicationListVM.swift */; };
		295714132EC7321F002F9A8F /* PillCard.swift in Sources */ = {isa = PBXBuildFile; fileRef = 295714112EC7321F002F9A8F /* PillCard.swift */; };
		29F9BE322EC5EB3900FAACEB /* MedaliApp.swift in Sources */ = {isa = PBXBuildFile; fileRef = 29F9BE312EC5EB3900FAACEB /* MedaliApp.swift */; };
		29F9BE342EC5EB3900FAACEB /* ContentView.swift in Sources */ = {isa = PBXBuildFile; fileRef = 29F9BE332EC5EB3900FAACEB /* ContentView.swift */; };
		29F9BE362EC5EB3900FAACEB /* Assets.xcassets in Resources */ = {isa = PBXBuildFile; fileRef = 29F9BE352EC5EB3900FAACEB /* Assets.xcassets */; };
		29F9BE392EC5EB3900FAACEB /* Preview Assets.xcassets in Resources */ = {isa = PBXBuildFile; fileRef = 29F9BE382EC5EB3900FAACEB /* Preview Assets.xcassets */; };
		29F9BE3B2EC5EB3900FAACEB /* Persistence.swift in Sources */ = {isa = PBXBuildFile; fileRef = 29F9BE3A2EC5EB3900FAACEB /* Persistence.swift */; };
		29F9BE3E2EC5EB3900FAACEB /* Medali.xcdatamodeld in Sources */ = {isa = PBXBuildFile; fileRef = 29F9BE3C2EC5EB3900FAACEB /* Medali.xcdatamodeld */; };
		29F9BE482EC5F14100FAACEB /* HealthKit.framework in Frameworks */ = {isa = PBXBuildFile; fileRef = 29F9BE472EC5F14100FAACEB /* HealthKit.framework */; };
		29F9BE492EC5F2AA00FAACEB /* NotificationService.swift in Sources */ = {isa = PBXBuildFile; fileRef = 29F9BE4A2EC5F2AA00FAACEB /* NotificationService.swift */; };
		29F9BE4B2EC5F2AA00FAACEB /* HealthKitService.swift in Sources */ = {isa = PBXBuildFile; fileRef = 29F9BE4C2EC5F2AA00FAACEB /* HealthKitService.swift */; };
/* End PBXBuildFile section */

/* Begin PBXFileReference section */
		293139C02EC722FD0071D20E /* MedicationDetailView.swift */ = {isa = PBXFileReference; fileEncoding = 4; lastKnownFileType = sourcecode.swift; path = MedicationDetailView.swift; sourceTree = "<group>"; };
		293139C12EC722FD0071D20E /* MedicationListView.swift */ = {isa = PBXFileReference; fileEncoding = 4; lastKnownFileType = sourcecode.swift; path = MedicationListView.swift; sourceTree = "<group>"; };
		2957140A2EC72A79002F9A8F /* AddMedicationView.swift */ = {isa = PBXFileReference; fileEncoding = 4; lastKnownFileType = sourcecode.swift; path = AddMedicationView.swift; sourceTree = "<group>"; };
		2957140C2EC72BC6002F9A8F /* MedicationDetailVM.swift */ = {isa = PBXFileReference; fileEncoding = 4; lastKnownFileType = sourcecode.swift; path = MedicationDetailVM.swift; sourceTree = "<group>"; };
		2957140E2EC72E35002F9A8F /* AdherenceRingView.swift */ = {isa = PBXFileReference; fileEncoding = 4; lastKnownFileType = sourcecode.swift; path = AdherenceRingView.swift; sourceTree = "<group>"; };
		295714102EC7321F002F9A8F /* MedicationListVM.swift */ = {isa = PBXFileReference; fileEncoding = 4; lastKnownFileType = sourcecode.swift; path = MedicationListVM.swift; sourceTree = "<group>"; };
		295714112EC7321F002F9A8F /* PillCard.swift */ = {isa = PBXFileReference; fileEncoding = 4; lastKnownFileType = sourcecode.swift; path = PillCard.swift; sourceTree = "<group>"; };
		29F9BE2E2EC5EB3900FAACEB /* Medali.app */ = {isa = PBXFileReference; explicitFileType = wrapper.application; includeInIndex = 0; path = Medali.app; sourceTree = BUILT_PRODUCTS_DIR; };
		29F9BE312EC5EB3900FAACEB /* MedaliApp.swift */ = {isa = PBXFileReference; lastKnownFileType = sourcecode.swift; path = MedaliApp.swift; sourceTree = "<group>"; };
		29F9BE332EC5EB3900FAACEB /* ContentView.swift */ = {isa = PBXFileReference; lastKnownFileType = sourcecode.swift; path = ContentView.swift; sourceTree = "<group>"; };
		29F9BE352EC5EB3900FAACEB /* Assets.xcassets */ = {isa = PBXFileReference; lastKnownFileType = folder.assetcatalog; path = Assets.xcassets; sourceTree = "<group>"; };
		29F9BE382EC5EB3900FAACEB /* Preview Assets.xcassets */ = {isa = PBXFileReference; lastKnownFileType = folder.assetcatalog; path = "Preview Assets.xcassets"; sourceTree = "<group>"; };
		29F9BE3A2EC5EB3900FAACEB /* Persistence.swift */ = {isa = PBXFileReference; lastKnownFileType = sourcecode.swift; path = Persistence.swift; sourceTree = "<group>"; };
		29F9BE3D2EC5EB3900FAACEB /* Medali.xcdatamodel */ = {isa = PBXFileReference; lastKnownFileType = wrapper.xcdatamodel; path = Medali.xcdatamodel; sourceTree = "<group>"; };
		29F9BE3F2EC5EB3900FAACEB /* Info.plist */ = {isa = PBXFileReference; lastKnownFileType = text.plist.xml; path = Info.plist; sourceTree = "<group>"; };
		29F9BE452EC5F14100FAACEB /* Medali.entitlements */ = {isa = PBXFileReference; lastKnownFileType = text.plist.entitlements; path = Medali.entitlements; sourceTree = "<group>"; };
		29F9BE472EC5F14100FAACEB /* HealthKit.framework */ = {isa = PBXFileReference; lastKnownFileType = wrapper.framework; name = HealthKit.framework; path = System/Library/Frameworks/HealthKit.framework; sourceTree = SDKROOT; };
		29F9BE4A2EC5F2AA00FAACEB /* NotificationService.swift */ = {isa = PBXFileReference; lastKnownFileType = sourcecode.swift; path = NotificationService.swift; sourceTree = "<group>"; };
		29F9BE4C2EC5F2AA00FAACEB /* HealthKitService.swift */ = {isa = PBXFileReference; lastKnownFileType = sourcecode.swift; path = HealthKitService.swift; sourceTree = "<group>"; };
/* End PBXFileReference section */

/* Begin PBXFrameworksBuildPhase section */
		29F9BE2B2EC5EB3900FAACEB /* Frameworks */ = {
			isa = PBXFrameworksBuildPhase;
			buildActionMask = 2147483647;
			files = (
				29F9BE482EC5F14100FAACEB /* HealthKit.framework in Frameworks */,
			);
			runOnlyForDeploymentPostprocessing = 0;
		};
/* End PBXFrameworksBuildPhase section */

/* Begin PBXGroup section */
		29F9BE252EC5EB3800FAACEB = {
			isa = PBXGroup;
			children = (
				29F9BE302EC5EB3900FAACEB /* Medali */,
				29F9BE2F2EC5EB3900FAACEB /* Products */,
				29F9BE462EC5F14100FAACEB /* Frameworks */,
			);
			sourceTree = "<group>";
		};
		29F9BE2F2EC5EB3900FAACEB /* Products */ = {
			isa = PBXGroup;
			children = (
				29F9BE2E2EC5EB3900FAACEB /* Medali.app */,
			);
			name = Products;
			sourceTree = "<group>";
		};
		29F9BE302EC5EB3900FAACEB /* Medali */ = {
			isa = PBXGroup;
			children = (
				29F9BE452EC5F14100FAACEB /* Medali.entitlements */,
				29F9BE312EC5EB3900FAACEB /* MedaliApp.swift */,
				29F9BE332EC5EB3900FAACEB /* ContentView.swift */,
				29F9BE352EC5EB3900FAACEB /* Assets.xcassets */,
				29F9BE3A2EC5EB3900FAACEB /* Persistence.swift */,
				29F9BE4A2EC5F2AA00FAACEB /* NotificationService.swift */,
				29F9BE4C2EC5F2AA00FAACEB /* HealthKitService.swift */,
				2957140E2EC72E35002F9A8F /* AdherenceRingView.swift */,
				2957140C2EC72BC6002F9A8F /* MedicationDetailVM.swift */,
				293139C02EC722FD0071D20E /* MedicationDetailView.swift */,
				293139C12EC722FD0071D20E /* MedicationListView.swift */,
				295714102EC7321F002F9A8F /* MedicationListVM.swift */,
				295714112EC7321F002F9A8F /* PillCard.swift */,
				2957140A2EC72A79002F9A8F /* AddMedicationView.swift */,
				29F9BE3F2EC5EB3900FAACEB /* Info.plist */,
				29F9BE3C2EC5EB3900FAACEB /* Medali.xcdatamodeld */,
				29F9BE372EC5EB3900FAACEB /* Preview Content */,
			);
			path = Medali;
			sourceTree = "<group>";
		};
		29F9BE372EC5EB3900FAACEB /* Preview Content */ = {
			isa = PBXGroup;
			children = (
				29F9BE382EC5EB3900FAACEB /* Preview Assets.xcassets */,
			);
			path = "Preview Content";
			sourceTree = "<group>";
		};
		29F9BE462EC5F14100FAACEB /* Frameworks */ = {
			isa = PBXGroup;
			children = (
				29F9BE472EC5F14100FAACEB /* HealthKit.framework */,
			);
			name = Frameworks;
			sourceTree = "<group>";
		};
/* End PBXGroup section */

/* Begin PBXNativeTarget section */
		29F9BE2D2EC5EB3900FAACEB /* Medali */ = {
			isa = PBXNativeTarget;
			buildConfigurationList = 29F9BE422EC5EB3900FAACEB /* Build configuration list for PBXNativeTarget "Medali" */;
			buildPhases = (
				29F9BE2A2EC5EB3900FAACEB /* Sources */,
				29F9BE2B2EC5EB3900FAACEB /* Frameworks */,
				29F9BE2C2EC5EB3900FAACEB /* Resources */,
			);
			buildRules = (
			);
			dependencies = (
			);
			name = Medali;
			productName = Medali;
			productReference = 29F9BE2E2EC5EB3900FAACEB /* Medali.app */;
			productType = "com.apple.product-type.application";
		};
/* End PBXNativeTarget section */

/* Begin PBXProject section */
		29F9BE262EC5EB3800FAACEB /* Project object */ = {
			isa = PBXProject;
			attributes = {
				LastSwiftUpdateCheck = 1250;
				LastUpgradeCheck = 1250;
				TargetAttributes = {
					29F9BE2D2EC5EB3900FAACEB = {
						CreatedOnToolsVersion = 12.5;
					};
				};
			};
			buildConfigurationList = 29F9BE292EC5EB3800FAACEB /* Build configuration list for PBXProject "Medali" */;
			compatibilityVersion = "Xcode 9.3";
			developmentRegion = en;
			hasScannedForEncodings = 0;
			knownRegions = (
				en,
				Base,
			);
			mainGroup = 29F9BE252EC5EB3800FAACEB;
			productRefGroup = 29F9BE2F2EC5EB3900FAACEB /* Products */;
			projectDirPath = "";
			projectRoot = "";
			targets = (
				29F9BE2D2EC5EB3900FAACEB /* Medali */,
			);
		};
/* End PBXProject section */

/* Begin PBXResourcesBuildPhase section */
		29F9BE2C2EC5EB3900FAACEB /* Resources */ = {
			isa = PBXResourcesBuildPhase;
			buildActionMask = 2147483647;
			files = (
				29F9BE392EC5EB3900FAACEB /* Preview Assets.xcassets in Resources */,
				29F9BE362EC5EB3900FAACEB /* Assets.xcassets in Resources */,
			);
			runOnlyForDeploymentPostprocessing = 0;
		};
/* End PBXResourcesBuildPhase section */

/* Begin PBXSourcesBuildPhase section */
		29F9BE2A2EC5EB3900FAACEB /* Sources */ = {
			isa = PBXSourcesBuildPhase;
			buildActionMask = 2147483647;
			files = (
				29F9BE3B2EC5EB3900FAACEB /* Persistence.swift in Sources */,
				29F9BE342EC5EB3900FAACEB /* ContentView.swift in Sources */,
				2957140D2EC72BC6002F9A8F /* MedicationDetailVM.swift in Sources */,
				2957140B2EC72A79002F9A8F /* AddMedicationView.swift in Sources */,
				29F9BE322EC5EB3900FAACEB /* MedaliApp.swift in Sources */,
				295714132EC7321F002F9A8F /* PillCard.swift in Sources */,
				2957140F2EC72E35002F9A8F /* AdherenceRingView.swift in Sources */,
				29F9BE3E2EC5EB3900FAACEB /* Medali.xcdatamodeld in Sources */,
				293139C22EC722FD0071D20E /* MedicationDetailView.swift in Sources */,
				29F9BE492EC5F2AA00FAACEB /* NotificationService.swift in Sources */,
				295714122EC7321F002F9A8F /* MedicationListVM.swift in Sources */,
				29F9BE4B2EC5F2AA00FAACEB /* HealthKitService.swift in Sources */,
				293139C32EC722FD0071D20E /* MedicationListView.swift in Sources */,
			);
			runOnlyForDeploymentPostprocessing = 0;
		};
/* End PBXSourcesBuildPhase section */

/* Begin XCBuildConfiguration section */
		29F9BE402EC5EB3900FAACEB /* Debug */ = {
			isa = XCBuildConfiguration;
			buildSettings = {
				ALWAYS_SEARCH_USER_PATHS = NO;
				CLANG_ANALYZER_NONNULL = YES;
				CLANG_ANALYZER_NUMBER_OBJECT_CONVERSION = YES_AGGRESSIVE;
				CLANG_CXX_LANGUAGE_STANDARD = "gnu++14";
				CLANG_CXX_LIBRARY = "libc++";
				CLANG_ENABLE_MODULES = YES;
				CLANG_ENABLE_OBJC_ARC = YES;
				CLANG_ENABLE_OBJC_WEAK = YES;
				CLANG_WARN_BLOCK_CAPTURE_AUTORELEASING = YES;
				CLANG_WARN_BOOL_CONVERSION = YES;
				CLANG_WARN_COMMA = YES;
				CLANG_WARN_CONSTANT_CONVERSION = YES;
				CLANG_WARN_DEPRECATED_OBJC_IMPLEMENTATIONS = YES;
				CLANG_WARN_DIRECT_OBJC_ISA_USAGE = YES_ERROR;
				CLANG_WARN_DOCUMENTATION_COMMENTS = YES;
				CLANG_WARN_EMPTY_BODY = YES;
				CLANG_WARN_ENUM_CONVERSION = YES;
				CLANG_WARN_INFINITE_RECURSION = YES;
				CLANG_WARN_INT_CONVERSION = YES;
				CLANG_WARN_NON_LITERAL_NULL_CONVERSION = YES;
				CLANG_WARN_OBJC_IMPLICIT_RETAIN_SELF = YES;
				CLANG_WARN_OBJC_LITERAL_CONVERSION = YES;
				CLANG_WARN_OBJC_ROOT_CLASS = YES_ERROR;
				CLANG_WARN_QUOTED_INCLUDE_IN_FRAMEWORK_HEADER = YES;
				CLANG_WARN_RANGE_LOOP_ANALYSIS = YES;
				CLANG_WARN_STRICT_PROTOTYPES = YES;
				CLANG_WARN_SUSPICIOUS_MOVE = YES;
				CLANG_WARN_UNGUARDED_AVAILABILITY = YES_AGGRESSIVE;
				CLANG_WARN_UNREACHABLE_CODE = YES;
				CLANG_WARN__DUPLICATE_METHOD_MATCH = YES;
				COPY_PHASE_STRIP = NO;
				DEBUG_INFORMATION_FORMAT = dwarf;
				ENABLE_STRICT_OBJC_MSGSEND = YES;
				ENABLE_TESTABILITY = YES;
				GCC_C_LANGUAGE_STANDARD = gnu11;
				GCC_DYNAMIC_NO_PIC = NO;
				GCC_NO_COMMON_BLOCKS = YES;
				GCC_OPTIMIZATION_LEVEL = 0;
				GCC_PREPROCESSOR_DEFINITIONS = (
					"DEBUG=1",
					"$(inherited)",
				);
				GCC_WARN_64_TO_32_BIT_CONVERSION = YES;
				GCC_WARN_ABOUT_RETURN_TYPE = YES_ERROR;
				GCC_WARN_UNDECLARED_SELECTOR = YES;
				GCC_WARN_UNINITIALIZED_AUTOS = YES_AGGRESSIVE;
				GCC_WARN_UNUSED_FUNCTION = YES;
				GCC_WARN_UNUSED_VARIABLE = YES;
				IPHONEOS_DEPLOYMENT_TARGET = 14.5;
				MTL_ENABLE_DEBUG_INFO = INCLUDE_SOURCE;
				MTL_FAST_MATH = YES;
				ONLY_ACTIVE_ARCH = YES;
				SDKROOT = iphoneos;
				SWIFT_ACTIVE_COMPILATION_CONDITIONS = DEBUG;
				SWIFT_OPTIMIZATION_LEVEL = "-Onone";
			};
			name = Debug;
		};
		29F9BE412EC5EB3900FAACEB /* Release */ = {
			isa = XCBuildConfiguration;
			buildSettings = {
				ALWAYS_SEARCH_USER_PATHS = NO;
				CLANG_ANALYZER_NONNULL = YES;
				CLANG_ANALYZER_NUMBER_OBJECT_CONVERSION = YES_AGGRESSIVE;
				CLANG_CXX_LANGUAGE_STANDARD = "gnu++14";
				CLANG_CXX_LIBRARY = "libc++";
				CLANG_ENABLE_MODULES = YES;
				CLANG_ENABLE_OBJC_ARC = YES;
				CLANG_ENABLE_OBJC_WEAK = YES;
				CLANG_WARN_BLOCK_CAPTURE_AUTORELEASING = YES;
				CLANG_WARN_BOOL_CONVERSION = YES;
				CLANG_WARN_COMMA = YES;
				CLANG_WARN_CONSTANT_CONVERSION = YES;
				CLANG_WARN_DEPRECATED_OBJC_IMPLEMENTATIONS = YES;
				CLANG_WARN_DIRECT_OBJC_ISA_USAGE = YES_ERROR;
				CLANG_WARN_DOCUMENTATION_COMMENTS = YES;
				CLANG_WARN_EMPTY_BODY = YES;
				CLANG_WARN_ENUM_CONVERSION = YES;
				CLANG_WARN_INFINITE_RECURSION = YES;
				CLANG_WARN_INT_CONVERSION = YES;
				CLANG_WARN_NON_LITERAL_NULL_CONVERSION = YES;
				CLANG_WARN_OBJC_IMPLICIT_RETAIN_SELF = YES;
				CLANG_WARN_OBJC_LITERAL_CONVERSION = YES;
				CLANG_WARN_OBJC_ROOT_CLASS = YES_ERROR;
				CLANG_WARN_QUOTED_INCLUDE_IN_FRAMEWORK_HEADER = YES;
				CLANG_WARN_RANGE_LOOP_ANALYSIS = YES;
				CLANG_WARN_STRICT_PROTOTYPES = YES;
				CLANG_WARN_SUSPICIOUS_MOVE = YES;
				CLANG_WARN_UNGUARDED_AVAILABILITY = YES_AGGRESSIVE;
				CLANG_WARN_UNREACHABLE_CODE = YES;
				CLANG_WARN__DUPLICATE_METHOD_MATCH = YES;
				COPY_PHASE_STRIP = NO;
				DEBUG_INFORMATION_FORMAT = "dwarf-with-dsym";
				ENABLE_NS_ASSERTIONS = NO;
				ENABLE_STRICT_OBJC_MSGSEND = YES;
				GCC_C_LANGUAGE_STANDARD = gnu11;
				GCC_NO_COMMON_BLOCKS = YES;
				GCC_WARN_64_TO_32_BIT_CONVERSION = YES;
				GCC_WARN_ABOUT_RETURN_TYPE = YES_ERROR;
				GCC_WARN_UNDECLARED_SELECTOR = YES;
				GCC_WARN_UNINITIALIZED_AUTOS = YES_AGGRESSIVE;
				GCC_WARN_UNUSED_FUNCTION = YES;
				GCC_WARN_UNUSED_VARIABLE = YES;
				IPHONEOS_DEPLOYMENT_TARGET = 14.5;
				MTL_ENABLE_DEBUG_INFO = NO;
				MTL_FAST_MATH = YES;
				SDKROOT = iphoneos;
				SWIFT_COMPILATION_MODE = wholemodule;
				SWIFT_OPTIMIZATION_LEVEL = "-O";
				VALIDATE_PRODUCT = YES;
			};
			name = Release;
		};
		29F9BE432EC5EB3900FAACEB /* Debug */ = {
			isa = XCBuildConfiguration;
			buildSettings = {
				ASSETCATALOG_COMPILER_APPICON_NAME = AppIcon;
				ASSETCATALOG_COMPILER_GLOBAL_ACCENT_COLOR_NAME = AccentColor;
				CODE_SIGN_ENTITLEMENTS = Medali/Medali.entitlements;
				CODE_SIGN_STYLE = Automatic;
				DEVELOPMENT_ASSET_PATHS = "\"Medali/Preview Content\"";
				ENABLE_PREVIEWS = YES;
				INFOPLIST_FILE = Medali/Info.plist;
				IPHONEOS_DEPLOYMENT_TARGET = 14.0;
				LD_RUNPATH_SEARCH_PATHS = (
					"$(inherited)",
					"@executable_path/Frameworks",
				);
				PRODUCT_BUNDLE_IDENTIFIER = com.sliit.Medali;
				PRODUCT_NAME = "$(TARGET_NAME)";
				SWIFT_VERSION = 5.0;
				TARGETED_DEVICE_FAMILY = "1,2";
			};
			name = Debug;
		};
		29F9BE442EC5EB3900FAACEB /* Release */ = {
			isa = XCBuildConfiguration;
			buildSettings = {
				ASSETCATALOG_COMPILER_APPICON_NAME = AppIcon;
				ASSETCATALOG_COMPILER_GLOBAL_ACCENT_COLOR_NAME = AccentColor;
				CODE_SIGN_ENTITLEMENTS = Medali/Medali.entitlements;
				CODE_SIGN_STYLE = Automatic;
				DEVELOPMENT_ASSET_PATHS = "\"Medali/Preview Content\"";
				ENABLE_PREVIEWS = YES;
				INFOPLIST_FILE = Medali/Info.plist;
				IPHONEOS_DEPLOYMENT_TARGET = 14.0;
				LD_RUNPATH_SEARCH_PATHS = (
					"$(inherited)",
					"@executable_path/Frameworks",
				);
				PRODUCT_BUNDLE_IDENTIFIER = com.sliit.Medali;
				PRODUCT_NAME = "$(TARGET_NAME)";
				SWIFT_VERSION = 5.0;
				TARGETED_DEVICE_FAMILY = "1,2";
			};
			name = Release;
		};
/* End XCBuildConfiguration section */

/* Begin XCConfigurationList section */
		29F9BE292EC5EB3800FAACEB /* Build configuration list for PBXProject "Medali" */ = {
			isa = XCConfigurationList;
			buildConfigurations = (
				29F9BE402EC5EB3900FAACEB /* Debug */,
				29F9BE412EC5EB3900FAACEB /* Release */,
			);
			defaultConfigurationIsVisible = 0;
			defaultConfigurationName = Release;
		};
		29F9BE422EC5EB3900FAACEB /* Build configuration list for PBXNativeTarget "Medali" */ = {
			isa = XCConfigurationList;
			buildConfigurations = (
				29F9BE432EC5EB3900FAACEB /* Debug */,
				29F9BE442EC5EB3900FAACEB /* Release */,
			);
			defaultConfigurationIsVisible = 0;
			defaultConfigurationName = Release;
		};
/* End XCConfigurationList section */

/* Begin XCVersionGroup section */
		29F9BE3C2EC5EB3900FAACEB /* Medali.xcdatamodeld */ = {
			isa = XCVersionGroup;
			children = (
				29F9BE3D2EC5EB3900FAACEB /* Medali.xcdatamodel */,
			);
			currentVersion = 29F9BE3D2EC5EB3900FAACEB /* Medali.xcdatamodel */;
			path = Medali.xcdatamodeld;
			sourceTree = "<group>";
			versionGroupType = wrapper.xcdatamodel;
		};
/* End XCVersionGroup section */
	};
	rootObject = 29F9BE262EC5EB3800FAACEB /* Project object */;
}
